
Microsoft Visual Studio Solution File, Format Version 12.00
# Visual Studio Version 17
VisualStudioVersion = 17.6.33815.320
MinimumVisualStudioVersion = 10.0.40219.1
Project("{2150E333-8FDC-42A3-9474-1A3956D46DE8}") = "Ingestion", "Ingestion", "{FA39B00D-208B-4866-AB0B-6D24876E33E2}"
EndProject
Project("{2150E333-8FDC-42A3-9474-1A3956D46DE8}") = "Analysis", "Analysis", "{5EE2D946-5D16-4D21-8B56-C8542D565137}"
EndProject
Project("{2150E333-8FDC-42A3-9474-1A3956D46DE8}") = "Application", "Application", "{635F3D46-CD18-4344-8225-B561A5833BFA}"
EndProject
Project("{2150E333-8FDC-42A3-9474-1A3956D46DE8}") = "Presentation", "Presentation", "{0D825C67-B94D-4304-AA3D-DF4CA3EDB407}"
EndProject
Project("{2150E333-8FDC-42A3-9474-1A3956D46DE8}") = "Domain", "Domain", "{6ED85FA5-1B2E-4380-A776-AB1F5A38236D}"
EndProject
Project("{2150E333-8FDC-42A3-9474-1A3956D46DE8}") = "Infrastructure", "Infrastructure", "{D1AFA3C0-E0CA-4A43-8AE1-2A90E6156745}"
EndProject
Project("{2150E333-8FDC-42A3-9474-1A3956D46DE8}") = "Tests", "Tests", "{E13870C5-0BDE-4E72-9196-E317B6AFEAD3}"
EndProject
Project("{FAE04EC0-301F-11D3-BF4B-00C04F79EFBC}") = "Ingestion.Api", "Ingestion.Api\Ingestion.Api.csproj", "{E0C8B609-F8F0-4A6F-B170-EC1978779A97}"
EndProject
Project("{FAE04EC0-301F-11D3-BF4B-00C04F79EFBC}") = "Ingestion.Infrastructure", "Ingestion.Infrastructure\Ingestion.Infrastructure.csproj", "{2138938B-4C84-4C75-BE47-5705EB90C6E2}"
EndProject
Project("{FAE04EC0-301F-11D3-BF4B-00C04F79EFBC}") = "Ingestion.Domain", "Ingestion.Domain\Ingestion.Domain.csproj", "{1B3D3A30-D1E6-4D21-9C98-CE61C4F9DBFA}"
EndProject
Project("{FAE04EC0-301F-11D3-BF4B-00C04F79EFBC}") = "Ingestion.Application", "Ingestion.Application\Ingestion.Application.csproj", "{F8A1704E-B810-48CE-8CC1-34857163ECF2}"
EndProject
Project("{2150E333-8FDC-42A3-9474-1A3956D46DE8}") = "Application", "Application", "{05104BB7-7BE9-4CD1-BE4B-A48BA1010BE0}"
EndProject
Project("{2150E333-8FDC-42A3-9474-1A3956D46DE8}") = "Domain", "Domain", "{BB771C21-1C36-4D88-8672-1F6DE5D80D83}"
EndProject
Project("{2150E333-8FDC-42A3-9474-1A3956D46DE8}") = "Infrastructure", "Infrastructure", "{A6F7A84B-F8EC-4CD2-BA1F-17F716C4D168}"
EndProject
Project("{2150E333-8FDC-42A3-9474-1A3956D46DE8}") = "Presentation", "Presentation", "{984036CF-8E9B-47B3-9C59-6FCF38883712}"
EndProject
Project("{2150E333-8FDC-42A3-9474-1A3956D46DE8}") = "Tests", "Tests", "{0E6474AB-2C5A-4506-834C-1D2C97BBE211}"
EndProject
Project("{FAE04EC0-301F-11D3-BF4B-00C04F79EFBC}") = "Analysis.Tests", "Analysis.Tests\Analysis.Tests.csproj", "{F8F6CC2C-4154-44E8-8B34-3981F81886AE}"
EndProject
Project("{FAE04EC0-301F-11D3-BF4B-00C04F79EFBC}") = "Ingestion.Tests", "Ingestion.Tests\Ingestion.Tests.csproj", "{39350594-9A80-4F82-9516-B3F85F0704A2}"
EndProject
Project("{FAE04EC0-301F-11D3-BF4B-00C04F79EFBC}") = "Analysis.Api", "Analysis.Api\Analysis.Api.csproj", "{54D82677-D4AE-4460-9CC4-27736A04E08A}"
EndProject
Project("{FAE04EC0-301F-11D3-BF4B-00C04F79EFBC}") = "Analysis.Infrastructure", "Analysis.Infrastructure\Analysis.Infrastructure.csproj", "{7DF25F8D-5598-4F69-9EFD-8EFF159E954E}"
EndProject
Project("{FAE04EC0-301F-11D3-BF4B-00C04F79EFBC}") = "Analysis.Domain", "Analysis.Domain\Analysis.Domain.csproj", "{DBC9383A-EEFA-47CE-8789-DC777144498F}"
EndProject
Project("{FAE04EC0-301F-11D3-BF4B-00C04F79EFBC}") = "Analysis.Application", "Analysis.Application\Analysis.Application.csproj", "{17DEDDBE-38B5-4AD7-9DC6-1DA8EB63848B}"
EndProject
Global
	GlobalSection(SolutionConfigurationPlatforms) = preSolution
		Debug|Any CPU = Debug|Any CPU
		Release|Any CPU = Release|Any CPU
	EndGlobalSection
	GlobalSection(ProjectConfigurationPlatforms) = postSolution
		{E0C8B609-F8F0-4A6F-B170-EC1978779A97}.Debug|Any CPU.ActiveCfg = Debug|Any CPU
		{E0C8B609-F8F0-4A6F-B170-EC1978779A97}.Debug|Any CPU.Build.0 = Debug|Any CPU
		{E0C8B609-F8F0-4A6F-B170-EC1978779A97}.Release|Any CPU.ActiveCfg = Release|Any CPU
		{E0C8B609-F8F0-4A6F-B170-EC1978779A97}.Release|Any CPU.Build.0 = Release|Any CPU
		{2138938B-4C84-4C75-BE47-5705EB90C6E2}.Debug|Any CPU.ActiveCfg = Debug|Any CPU
		{2138938B-4C84-4C75-BE47-5705EB90C6E2}.Debug|Any CPU.Build.0 = Debug|Any CPU
		{2138938B-4C84-4C75-BE47-5705EB90C6E2}.Release|Any CPU.ActiveCfg = Release|Any CPU
		{2138938B-4C84-4C75-BE47-5705EB90C6E2}.Release|Any CPU.Build.0 = Release|Any CPU
		{1B3D3A30-D1E6-4D21-9C98-CE61C4F9DBFA}.Debug|Any CPU.ActiveCfg = Debug|Any CPU
		{1B3D3A30-D1E6-4D21-9C98-CE61C4F9DBFA}.Debug|Any CPU.Build.0 = Debug|Any CPU
		{1B3D3A30-D1E6-4D21-9C98-CE61C4F9DBFA}.Release|Any CPU.ActiveCfg = Release|Any CPU
		{1B3D3A30-D1E6-4D21-9C98-CE61C4F9DBFA}.Release|Any CPU.Build.0 = Release|Any CPU
		{F8A1704E-B810-48CE-8CC1-34857163ECF2}.Debug|Any CPU.ActiveCfg = Debug|Any CPU
		{F8A1704E-B810-48CE-8CC1-34857163ECF2}.Debug|Any CPU.Build.0 = Debug|Any CPU
		{F8A1704E-B810-48CE-8CC1-34857163ECF2}.Release|Any CPU.ActiveCfg = Release|Any CPU
		{F8A1704E-B810-48CE-8CC1-34857163ECF2}.Release|Any CPU.Build.0 = Release|Any CPU
		{F8F6CC2C-4154-44E8-8B34-3981F81886AE}.Debug|Any CPU.ActiveCfg = Debug|Any CPU
		{F8F6CC2C-4154-44E8-8B34-3981F81886AE}.Debug|Any CPU.Build.0 = Debug|Any CPU
		{F8F6CC2C-4154-44E8-8B34-3981F81886AE}.Release|Any CPU.ActiveCfg = Release|Any CPU
		{F8F6CC2C-4154-44E8-8B34-3981F81886AE}.Release|Any CPU.Build.0 = Release|Any CPU
		{39350594-9A80-4F82-9516-B3F85F0704A2}.Debug|Any CPU.ActiveCfg = Debug|Any CPU
		{39350594-9A80-4F82-9516-B3F85F0704A2}.Debug|Any CPU.Build.0 = Debug|Any CPU
		{39350594-9A80-4F82-9516-B3F85F0704A2}.Release|Any CPU.ActiveCfg = Release|Any CPU
		{39350594-9A80-4F82-9516-B3F85F0704A2}.Release|Any CPU.Build.0 = Release|Any CPU
		{54D82677-D4AE-4460-9CC4-27736A04E08A}.Debug|Any CPU.ActiveCfg = Debug|Any CPU
		{54D82677-D4AE-4460-9CC4-27736A04E08A}.Debug|Any CPU.Build.0 = Debug|Any CPU
		{54D82677-D4AE-4460-9CC4-27736A04E08A}.Release|Any CPU.ActiveCfg = Release|Any CPU
		{54D82677-D4AE-4460-9CC4-27736A04E08A}.Release|Any CPU.Build.0 = Release|Any CPU
		{7DF25F8D-5598-4F69-9EFD-8EFF159E954E}.Debug|Any CPU.ActiveCfg = Debug|Any CPU
		{7DF25F8D-5598-4F69-9EFD-8EFF159E954E}.Debug|Any CPU.Build.0 = Debug|Any CPU
		{7DF25F8D-5598-4F69-9EFD-8EFF159E954E}.Release|Any CPU.ActiveCfg = Release|Any CPU
		{7DF25F8D-5598-4F69-9EFD-8EFF159E954E}.Release|Any CPU.Build.0 = Release|Any CPU
		{DBC9383A-EEFA-47CE-8789-DC777144498F}.Debug|Any CPU.ActiveCfg = Debug|Any CPU
		{DBC9383A-EEFA-47CE-8789-DC777144498F}.Debug|Any CPU.Build.0 = Debug|Any CPU
		{DBC9383A-EEFA-47CE-8789-DC777144498F}.Release|Any CPU.ActiveCfg = Release|Any CPU
		{DBC9383A-EEFA-47CE-8789-DC777144498F}.Release|Any CPU.Build.0 = Release|Any CPU
		{17DEDDBE-38B5-4AD7-9DC6-1DA8EB63848B}.Debug|Any CPU.ActiveCfg = Debug|Any CPU
		{17DEDDBE-38B5-4AD7-9DC6-1DA8EB63848B}.Debug|Any CPU.Build.0 = Debug|Any CPU
		{17DEDDBE-38B5-4AD7-9DC6-1DA8EB63848B}.Release|Any CPU.ActiveCfg = Release|Any CPU
		{17DEDDBE-38B5-4AD7-9DC6-1DA8EB63848B}.Release|Any CPU.Build.0 = Release|Any CPU
	EndGlobalSection
	GlobalSection(SolutionProperties) = preSolution
		HideSolutionNode = FALSE
	EndGlobalSection
	GlobalSection(NestedProjects) = preSolution
		{635F3D46-CD18-4344-8225-B561A5833BFA} = {FA39B00D-208B-4866-AB0B-6D24876E33E2}
		{0D825C67-B94D-4304-AA3D-DF4CA3EDB407} = {FA39B00D-208B-4866-AB0B-6D24876E33E2}
		{6ED85FA5-1B2E-4380-A776-AB1F5A38236D} = {FA39B00D-208B-4866-AB0B-6D24876E33E2}
		{D1AFA3C0-E0CA-4A43-8AE1-2A90E6156745} = {FA39B00D-208B-4866-AB0B-6D24876E33E2}
		{E13870C5-0BDE-4E72-9196-E317B6AFEAD3} = {FA39B00D-208B-4866-AB0B-6D24876E33E2}
		{E0C8B609-F8F0-4A6F-B170-EC1978779A97} = {0D825C67-B94D-4304-AA3D-DF4CA3EDB407}
		{2138938B-4C84-4C75-BE47-5705EB90C6E2} = {D1AFA3C0-E0CA-4A43-8AE1-2A90E6156745}
		{1B3D3A30-D1E6-4D21-9C98-CE61C4F9DBFA} = {6ED85FA5-1B2E-4380-A776-AB1F5A38236D}
		{F8A1704E-B810-48CE-8CC1-34857163ECF2} = {635F3D46-CD18-4344-8225-B561A5833BFA}
		{05104BB7-7BE9-4CD1-BE4B-A48BA1010BE0} = {5EE2D946-5D16-4D21-8B56-C8542D565137}
		{BB771C21-1C36-4D88-8672-1F6DE5D80D83} = {5EE2D946-5D16-4D21-8B56-C8542D565137}
		{A6F7A84B-F8EC-4CD2-BA1F-17F716C4D168} = {5EE2D946-5D16-4D21-8B56-C8542D565137}
		{984036CF-8E9B-47B3-9C59-6FCF38883712} = {5EE2D946-5D16-4D21-8B56-C8542D565137}
		{0E6474AB-2C5A-4506-834C-1D2C97BBE211} = {5EE2D946-5D16-4D21-8B56-C8542D565137}
		{F8F6CC2C-4154-44E8-8B34-3981F81886AE} = {0E6474AB-2C5A-4506-834C-1D2C97BBE211}
		{39350594-9A80-4F82-9516-B3F85F0704A2} = {E13870C5-0BDE-4E72-9196-E317B6AFEAD3}
		{54D82677-D4AE-4460-9CC4-27736A04E08A} = {984036CF-8E9B-47B3-9C59-6FCF38883712}
		{7DF25F8D-5598-4F69-9EFD-8EFF159E954E} = {A6F7A84B-F8EC-4CD2-BA1F-17F716C4D168}
		{DBC9383A-EEFA-47CE-8789-DC777144498F} = {BB771C21-1C36-4D88-8672-1F6DE5D80D83}
		{17DEDDBE-38B5-4AD7-9DC6-1DA8EB63848B} = {05104BB7-7BE9-4CD1-BE4B-A48BA1010BE0}
	EndGlobalSection
	GlobalSection(ExtensibilityGlobals) = postSolution
		SolutionGuid = {27181726-E93C-4C17-8C10-0AD1A2C24CDF}
	EndGlobalSection
EndGlobal
